// !$*UTF8*$!
{
	archiveVersion = 1;
	classes = {
	};
	objectVersion = 56;
	objects = {

/* Begin PBXBuildFile section */
		951F4A992B29CCD1003DF60F /* PaginationSampleSwiftUIApp.swift in Sources */ = {isa = PBXBuildFile; fileRef = 951F4A982B29CCD1003DF60F /* PaginationSampleSwiftUIApp.swift */; };
		951F4A9B2B29CCD1003DF60F /* ContentView.swift in Sources */ = {isa = PBXBuildFile; fileRef = 951F4A9A2B29CCD1003DF60F /* ContentView.swift */; };
		951F4A9D2B29CCD2003DF60F /* Assets.xcassets in Resources */ = {isa = PBXBuildFile; fileRef = 951F4A9C2B29CCD2003DF60F /* Assets.xcassets */; };
		951F4AA02B29CCD2003DF60F /* Preview Assets.xcassets in Resources */ = {isa = PBXBuildFile; fileRef = 951F4A9F2B29CCD2003DF60F /* Preview Assets.xcassets */; };
		951F4AA72B29D0FD003DF60F /* util.swift in Sources */ = {isa = PBXBuildFile; fileRef = 951F4AA62B29D0FD003DF60F /* util.swift */; };
		951F4AA92B29DBC8003DF60F /* GridView.swift in Sources */ = {isa = PBXBuildFile; fileRef = 951F4AA82B29DBC8003DF60F /* GridView.swift */; };
		953397222B30492600B1E008 /* MenuContainerView.swift in Sources */ = {isa = PBXBuildFile; fileRef = 953397212B30492600B1E008 /* MenuContainerView.swift */; };
		953397242B3181F700B1E008 /* BottomSheetView.swift in Sources */ = {isa = PBXBuildFile; fileRef = 953397232B3181F700B1E008 /* BottomSheetView.swift */; };
		95C26B3A2B32E9DE00938C95 /* PagingScrollView.swift in Sources */ = {isa = PBXBuildFile; fileRef = 95C26B392B32E9DE00938C95 /* PagingScrollView.swift */; };
		95C26B3D2B32EF3100938C95 /* PagingView in Frameworks */ = {isa = PBXBuildFile; productRef = 95C26B3C2B32EF3100938C95 /* PagingView */; };
		95C26B402B32FC8F00938C95 /* SwiftUIPager in Frameworks */ = {isa = PBXBuildFile; productRef = 95C26B3F2B32FC8F00938C95 /* SwiftUIPager */; };
		95C26B422B4535AB00938C95 /* TabBarView.swift in Sources */ = {isa = PBXBuildFile; fileRef = 95C26B412B4535AB00938C95 /* TabBarView.swift */; };
/* End PBXBuildFile section */

/* Begin PBXFileReference section */
		951F4A952B29CCD1003DF60F /* PaginationSampleSwiftUI.app */ = {isa = PBXFileReference; explicitFileType = wrapper.application; includeInIndex = 0; path = PaginationSampleSwiftUI.app; sourceTree = BUILT_PRODUCTS_DIR; };
		951F4A982B29CCD1003DF60F /* PaginationSampleSwiftUIApp.swift */ = {isa = PBXFileReference; lastKnownFileType = sourcecode.swift; path = PaginationSampleSwiftUIApp.swift; sourceTree = "<group>"; };
		951F4A9A2B29CCD1003DF60F /* ContentView.swift */ = {isa = PBXFileReference; lastKnownFileType = sourcecode.swift; path = ContentView.swift; sourceTree = "<group>"; };
		951F4A9C2B29CCD2003DF60F /* Assets.xcassets */ = {isa = PBXFileReference; lastKnownFileType = folder.assetcatalog; path = Assets.xcassets; sourceTree = "<group>"; };
		951F4A9F2B29CCD2003DF60F /* Preview Assets.xcassets */ = {isa = PBXFileReference; lastKnownFileType = folder.assetcatalog; path = "Preview Assets.xcassets"; sourceTree = "<group>"; };
		951F4AA62B29D0FD003DF60F /* util.swift */ = {isa = PBXFileReference; lastKnownFileType = sourcecode.swift; path = util.swift; sourceTree = "<group>"; };
		951F4AA82B29DBC8003DF60F /* GridView.swift */ = {isa = PBXFileReference; lastKnownFileType = sourcecode.swift; path = GridView.swift; sourceTree = "<group>"; };
		953397212B30492600B1E008 /* MenuContainerView.swift */ = {isa = PBXFileReference; lastKnownFileType = sourcecode.swift; path = MenuContainerView.swift; sourceTree = "<group>"; };
		953397232B3181F700B1E008 /* BottomSheetView.swift */ = {isa = PBXFileReference; lastKnownFileType = sourcecode.swift; path = BottomSheetView.swift; sourceTree = "<group>"; };
		95C26B392B32E9DE00938C95 /* PagingScrollView.swift */ = {isa = PBXFileReference; lastKnownFileType = sourcecode.swift; path = PagingScrollView.swift; sourceTree = "<group>"; };
		95C26B412B4535AB00938C95 /* TabBarView.swift */ = {isa = PBXFileReference; lastKnownFileType = sourcecode.swift; path = TabBarView.swift; sourceTree = "<group>"; };
/* End PBXFileReference section */

/* Begin PBXFrameworksBuildPhase section */
		951F4A922B29CCD1003DF60F /* Frameworks */ = {
			isa = PBXFrameworksBuildPhase;
			buildActionMask = 2147483647;
			files = (
				95C26B402B32FC8F00938C95 /* SwiftUIPager in Frameworks */,
				95C26B3D2B32EF3100938C95 /* PagingView in Frameworks */,
			);
			runOnlyForDeploymentPostprocessing = 0;
		};
/* End PBXFrameworksBuildPhase section */

/* Begin PBXGroup section */
		951F4A8C2B29CCD1003DF60F = {
			isa = PBXGroup;
			children = (
				951F4A972B29CCD1003DF60F /* PaginationSampleSwiftUI */,
				951F4A962B29CCD1003DF60F /* Products */,
			);
			sourceTree = "<group>";
		};
		951F4A962B29CCD1003DF60F /* Products */ = {
			isa = PBXGroup;
			children = (
				951F4A952B29CCD1003DF60F /* PaginationSampleSwiftUI.app */,
			);
			name = Products;
			sourceTree = "<group>";
		};
		951F4A972B29CCD1003DF60F /* PaginationSampleSwiftUI */ = {
			isa = PBXGroup;
			children = (
				95C26B392B32E9DE00938C95 /* PagingScrollView.swift */,
				951F4A982B29CCD1003DF60F /* PaginationSampleSwiftUIApp.swift */,
				951F4A9A2B29CCD1003DF60F /* ContentView.swift */,
				951F4AA82B29DBC8003DF60F /* GridView.swift */,
				953397212B30492600B1E008 /* MenuContainerView.swift */,
				953397232B3181F700B1E008 /* BottomSheetView.swift */,
				95C26B412B4535AB00938C95 /* TabBarView.swift */,
				951F4AA62B29D0FD003DF60F /* util.swift */,
				951F4A9C2B29CCD2003DF60F /* Assets.xcassets */,
				951F4A9E2B29CCD2003DF60F /* Preview Content */,
			);
			path = PaginationSampleSwiftUI;
			sourceTree = "<group>";
		};
		951F4A9E2B29CCD2003DF60F /* Preview Content */ = {
			isa = PBXGroup;
			children = (
				951F4A9F2B29CCD2003DF60F /* Preview Assets.xcassets */,
			);
			path = "Preview Content";
			sourceTree = "<group>";
		};
/* End PBXGroup section */

/* Begin PBXNativeTarget section */
		951F4A942B29CCD1003DF60F /* PaginationSampleSwiftUI */ = {
			isa = PBXNativeTarget;
			buildConfigurationList = 951F4AA32B29CCD2003DF60F /* Build configuration list for PBXNativeTarget "PaginationSampleSwiftUI" */;
			buildPhases = (
				951F4A912B29CCD1003DF60F /* Sources */,
				951F4A922B29CCD1003DF60F /* Frameworks */,
				951F4A932B29CCD1003DF60F /* Resources */,
			);
			buildRules = (
			);
			dependencies = (
			);
			name = PaginationSampleSwiftUI;
			packageProductDependencies = (
				95C26B3C2B32EF3100938C95 /* PagingView */,
				95C26B3F2B32FC8F00938C95 /* SwiftUIPager */,
			);
			productName = PaginationSampleSwiftUI;
			productReference = 951F4A952B29CCD1003DF60F /* PaginationSampleSwiftUI.app */;
			productType = "com.apple.product-type.application";
		};
/* End PBXNativeTarget section */

/* Begin PBXProject section */
		951F4A8D2B29CCD1003DF60F /* Project object */ = {
			isa = PBXProject;
			attributes = {
				BuildIndependentTargetsInParallel = 1;
				LastSwiftUpdateCheck = 1500;
				LastUpgradeCheck = 1500;
				TargetAttributes = {
					951F4A942B29CCD1003DF60F = {
						CreatedOnToolsVersion = 15.0;
					};
				};
			};
			buildConfigurationList = 951F4A902B29CCD1003DF60F /* Build configuration list for PBXProject "PaginationSampleSwiftUI" */;
			compatibilityVersion = "Xcode 14.0";
			developmentRegion = en;
			hasScannedForEncodings = 0;
			knownRegions = (
				en,
				Base,
			);
			mainGroup = 951F4A8C2B29CCD1003DF60F;
			packageReferences = (
				95C26B3B2B32EF3100938C95 /* XCRemoteSwiftPackageReference "PagingView" */,
				95C26B3E2B32FC8F00938C95 /* XCRemoteSwiftPackageReference "SwiftUIPager" */,
			);
			productRefGroup = 951F4A962B29CCD1003DF60F /* Products */;
			projectDirPath = "";
			projectRoot = "";
			targets = (
				951F4A942B29CCD1003DF60F /* PaginationSampleSwiftUI */,
			);
		};
/* End PBXProject section */

/* Begin PBXResourcesBuildPhase section */
		951F4A932B29CCD1003DF60F /* Resources */ = {
			isa = PBXResourcesBuildPhase;
			buildActionMask = 2147483647;
			files = (
				951F4AA02B29CCD2003DF60F /* Preview Assets.xcassets in Resources */,
				951F4A9D2B29CCD2003DF60F /* Assets.xcassets in Resources */,
			);
			runOnlyForDeploymentPostprocessing = 0;
		};
/* End PBXResourcesBuildPhase section */

/* Begin PBXSourcesBuildPhase section */
		951F4A912B29CCD1003DF60F /* Sources */ = {
			isa = PBXSourcesBuildPhase;
			buildActionMask = 2147483647;
			files = (
				953397222B30492600B1E008 /* MenuContainerView.swift in Sources */,
				95C26B3A2B32E9DE00938C95 /* PagingScrollView.swift in Sources */,
				95C26B422B4535AB00938C95 /* TabBarView.swift in Sources */,
				951F4AA72B29D0FD003DF60F /* util.swift in Sources */,
				951F4A9B2B29CCD1003DF60F /* ContentView.swift in Sources */,
				951F4AA92B29DBC8003DF60F /* GridView.swift in Sources */,
				951F4A992B29CCD1003DF60F /* PaginationSampleSwiftUIApp.swift in Sources */,
				953397242B3181F700B1E008 /* BottomSheetView.swift in Sources */,
			);
			runOnlyForDeploymentPostprocessing = 0;
		};
/* End PBXSourcesBuildPhase section */

/* Begin XCBuildConfiguration section */
		951F4AA12B29CCD2003DF60F /* Debug */ = {
			isa = XCBuildConfiguration;
			buildSettings = {
				ALWAYS_SEARCH_USER_PATHS = NO;
				ASSETCATALOG_COMPILER_GENERATE_SWIFT_ASSET_SYMBOL_EXTENSIONS = YES;
				CLANG_ANALYZER_NONNULL = YES;
				CLANG_ANALYZER_NUMBER_OBJECT_CONVERSION = YES_AGGRESSIVE;
				CLANG_CXX_LANGUAGE_STANDARD = "gnu++20";
				CLANG_ENABLE_MODULES = YES;
				CLANG_ENABLE_OBJC_ARC = YES;
				CLANG_ENABLE_OBJC_WEAK = YES;
				CLANG_WARN_BLOCK_CAPTURE_AUTORELEASING = YES;
				CLANG_WARN_BOOL_CONVERSION = YES;
				CLANG_WARN_COMMA = YES;
				CLANG_WARN_CONSTANT_CONVERSION = YES;
				CLANG_WARN_DEPRECATED_OBJC_IMPLEMENTATIONS = YES;
				CLANG_WARN_DIRECT_OBJC_ISA_USAGE = YES_ERROR;
				CLANG_WARN_DOCUMENTATION_COMMENTS = YES;
				CLANG_WARN_EMPTY_BODY = YES;
				CLANG_WARN_ENUM_CONVERSION = YES;
				CLANG_WARN_INFINITE_RECURSION = YES;
				CLANG_WARN_INT_CONVERSION = YES;
				CLANG_WARN_NON_LITERAL_NULL_CONVERSION = YES;
				CLANG_WARN_OBJC_IMPLICIT_RETAIN_SELF = YES;
				CLANG_WARN_OBJC_LITERAL_CONVERSION = YES;
				CLANG_WARN_OBJC_ROOT_CLASS = YES_ERROR;
				CLANG_WARN_QUOTED_INCLUDE_IN_FRAMEWORK_HEADER = YES;
				CLANG_WARN_RANGE_LOOP_ANALYSIS = YES;
				CLANG_WARN_STRICT_PROTOTYPES = YES;
				CLANG_WARN_SUSPICIOUS_MOVE = YES;
				CLANG_WARN_UNGUARDED_AVAILABILITY = YES_AGGRESSIVE;
				CLANG_WARN_UNREACHABLE_CODE = YES;
				CLANG_WARN__DUPLICATE_METHOD_MATCH = YES;
				COPY_PHASE_STRIP = NO;
				DEBUG_INFORMATION_FORMAT = dwarf;
				ENABLE_STRICT_OBJC_MSGSEND = YES;
				ENABLE_TESTABILITY = YES;
				ENABLE_USER_SCRIPT_SANDBOXING = YES;
				GCC_C_LANGUAGE_STANDARD = gnu17;
				GCC_DYNAMIC_NO_PIC = NO;
				GCC_NO_COMMON_BLOCKS = YES;
				GCC_OPTIMIZATION_LEVEL = 0;
				GCC_PREPROCESSOR_DEFINITIONS = (
					"DEBUG=1",
					"$(inherited)",
				);
				GCC_WARN_64_TO_32_BIT_CONVERSION = YES;
				GCC_WARN_ABOUT_RETURN_TYPE = YES_ERROR;
				GCC_WARN_UNDECLARED_SELECTOR = YES;
				GCC_WARN_UNINITIALIZED_AUTOS = YES_AGGRESSIVE;
				GCC_WARN_UNUSED_FUNCTION = YES;
				GCC_WARN_UNUSED_VARIABLE = YES;
				IPHONEOS_DEPLOYMENT_TARGET = 17.0;
				LOCALIZATION_PREFERS_STRING_CATALOGS = YES;
				MTL_ENABLE_DEBUG_INFO = INCLUDE_SOURCE;
				MTL_FAST_MATH = YES;
				ONLY_ACTIVE_ARCH = YES;
				SDKROOT = iphoneos;
				SWIFT_ACTIVE_COMPILATION_CONDITIONS = "DEBUG $(inherited)";
				SWIFT_OPTIMIZATION_LEVEL = "-Onone";
			};
			name = Debug;
		};
		951F4AA22B29CCD2003DF60F /* Release */ = {
			isa = XCBuildConfiguration;
			buildSettings = {
				ALWAYS_SEARCH_USER_PATHS = NO;
				ASSETCATALOG_COMPILER_GENERATE_SWIFT_ASSET_SYMBOL_EXTENSIONS = YES;
				CLANG_ANALYZER_NONNULL = YES;
				CLANG_ANALYZER_NUMBER_OBJECT_CONVERSION = YES_AGGRESSIVE;
				CLANG_CXX_LANGUAGE_STANDARD = "gnu++20";
				CLANG_ENABLE_MODULES = YES;
				CLANG_ENABLE_OBJC_ARC = YES;
				CLANG_ENABLE_OBJC_WEAK = YES;
				CLANG_WARN_BLOCK_CAPTURE_AUTORELEASING = YES;
				CLANG_WARN_BOOL_CONVERSION = YES;
				CLANG_WARN_COMMA = YES;
				CLANG_WARN_CONSTANT_CONVERSION = YES;
				CLANG_WARN_DEPRECATED_OBJC_IMPLEMENTATIONS = YES;
				CLANG_WARN_DIRECT_OBJC_ISA_USAGE = YES_ERROR;
				CLANG_WARN_DOCUMENTATION_COMMENTS = YES;
				CLANG_WARN_EMPTY_BODY = YES;
				CLANG_WARN_ENUM_CONVERSION = YES;
				CLANG_WARN_INFINITE_RECURSION = YES;
				CLANG_WARN_INT_CONVERSION = YES;
				CLANG_WARN_NON_LITERAL_NULL_CONVERSION = YES;
				CLANG_WARN_OBJC_IMPLICIT_RETAIN_SELF = YES;
				CLANG_WARN_OBJC_LITERAL_CONVERSION = YES;
				CLANG_WARN_OBJC_ROOT_CLASS = YES_ERROR;
				CLANG_WARN_QUOTED_INCLUDE_IN_FRAMEWORK_HEADER = YES;
				CLANG_WARN_RANGE_LOOP_ANALYSIS = YES;
				CLANG_WARN_STRICT_PROTOTYPES = YES;
				CLANG_WARN_SUSPICIOUS_MOVE = YES;
				CLANG_WARN_UNGUARDED_AVAILABILITY = YES_AGGRESSIVE;
				CLANG_WARN_UNREACHABLE_CODE = YES;
				CLANG_WARN__DUPLICATE_METHOD_MATCH = YES;
				COPY_PHASE_STRIP = NO;
				DEBUG_INFORMATION_FORMAT = "dwarf-with-dsym";
				ENABLE_NS_ASSERTIONS = NO;
				ENABLE_STRICT_OBJC_MSGSEND = YES;
				ENABLE_USER_SCRIPT_SANDBOXING = YES;
				GCC_C_LANGUAGE_STANDARD = gnu17;
				GCC_NO_COMMON_BLOCKS = YES;
				GCC_WARN_64_TO_32_BIT_CONVERSION = YES;
				GCC_WARN_ABOUT_RETURN_TYPE = YES_ERROR;
				GCC_WARN_UNDECLARED_SELECTOR = YES;
				GCC_WARN_UNINITIALIZED_AUTOS = YES_AGGRESSIVE;
				GCC_WARN_UNUSED_FUNCTION = YES;
				GCC_WARN_UNUSED_VARIABLE = YES;
				IPHONEOS_DEPLOYMENT_TARGET = 17.0;
				LOCALIZATION_PREFERS_STRING_CATALOGS = YES;
				MTL_ENABLE_DEBUG_INFO = NO;
				MTL_FAST_MATH = YES;
				SDKROOT = iphoneos;
				SWIFT_COMPILATION_MODE = wholemodule;
				VALIDATE_PRODUCT = YES;
			};
			name = Release;
		};
		951F4AA42B29CCD2003DF60F /* Debug */ = {
			isa = XCBuildConfiguration;
			buildSettings = {
				ASSETCATALOG_COMPILER_APPICON_NAME = AppIcon;
				ASSETCATALOG_COMPILER_GLOBAL_ACCENT_COLOR_NAME = AccentColor;
				CODE_SIGN_STYLE = Automatic;
				CURRENT_PROJECT_VERSION = 1;
				DEVELOPMENT_ASSET_PATHS = "\"PaginationSampleSwiftUI/Preview Content\"";
				DEVELOPMENT_TEAM = 8L585SN3AU;
				ENABLE_PREVIEWS = YES;
				GENERATE_INFOPLIST_FILE = YES;
				INFOPLIST_KEY_UIApplicationSceneManifest_Generation = YES;
				INFOPLIST_KEY_UIApplicationSupportsIndirectInputEvents = YES;
				INFOPLIST_KEY_UILaunchScreen_Generation = YES;
				INFOPLIST_KEY_UISupportedInterfaceOrientations_iPad = "UIInterfaceOrientationPortrait UIInterfaceOrientationPortraitUpsideDown UIInterfaceOrientationLandscapeLeft UIInterfaceOrientationLandscapeRight";
				INFOPLIST_KEY_UISupportedInterfaceOrientations_iPhone = "UIInterfaceOrientationPortrait UIInterfaceOrientationLandscapeLeft UIInterfaceOrientationLandscapeRight";
				IPHONEOS_DEPLOYMENT_TARGET = 15.0;
				LD_RUNPATH_SEARCH_PATHS = (
					"$(inherited)",
					"@executable_path/Frameworks",
				);
				MARKETING_VERSION = 1.0;
				PRODUCT_BUNDLE_IDENTIFIER = com.sd.sample.PaginationSampleSwiftUI;
				PRODUCT_NAME = "$(TARGET_NAME)";
				SWIFT_EMIT_LOC_STRINGS = YES;
				SWIFT_VERSION = 5.0;
				TARGETED_DEVICE_FAMILY = "1,2";
			};
			name = Debug;
		};
		951F4AA52B29CCD2003DF60F /* Release */ = {
			isa = XCBuildConfiguration;
			buildSettings = {
				ASSETCATALOG_COMPILER_APPICON_NAME = AppIcon;
				ASSETCATALOG_COMPILER_GLOBAL_ACCENT_COLOR_NAME = AccentColor;
				CODE_SIGN_STYLE = Automatic;
				CURRENT_PROJECT_VERSION = 1;
				DEVELOPMENT_ASSET_PATHS = "\"PaginationSampleSwiftUI/Preview Content\"";
				DEVELOPMENT_TEAM = 8L585SN3AU;
				ENABLE_PREVIEWS = YES;
				GENERATE_INFOPLIST_FILE = YES;
				INFOPLIST_KEY_UIApplicationSceneManifest_Generation = YES;
				INFOPLIST_KEY_UIApplicationSupportsIndirectInputEvents = YES;
				INFOPLIST_KEY_UILaunchScreen_Generation = YES;
				INFOPLIST_KEY_UISupportedInterfaceOrientations_iPad = "UIInterfaceOrientationPortrait UIInterfaceOrientationPortraitUpsideDown UIInterfaceOrientationLandscapeLeft UIInterfaceOrientationLandscapeRight";
				INFOPLIST_KEY_UISupportedInterfaceOrientations_iPhone = "UIInterfaceOrientationPortrait UIInterfaceOrientationLandscapeLeft UIInterfaceOrientationLandscapeRight";
				IPHONEOS_DEPLOYMENT_TARGET = 15.0;
				LD_RUNPATH_SEARCH_PATHS = (
					"$(inherited)",
					"@executable_path/Frameworks",
				);
				MARKETING_VERSION = 1.0;
				PRODUCT_BUNDLE_IDENTIFIER = com.sd.sample.PaginationSampleSwiftUI;
				PRODUCT_NAME = "$(TARGET_NAME)";
				SWIFT_EMIT_LOC_STRINGS = YES;
				SWIFT_VERSION = 5.0;
				TARGETED_DEVICE_FAMILY = "1,2";
			};
			name = Release;
		};
/* End XCBuildConfiguration section */

/* Begin XCConfigurationList section */
		951F4A902B29CCD1003DF60F /* Build configuration list for PBXProject "PaginationSampleSwiftUI" */ = {
			isa = XCConfigurationList;
			buildConfigurations = (
				951F4AA12B29CCD2003DF60F /* Debug */,
				951F4AA22B29CCD2003DF60F /* Release */,
			);
			defaultConfigurationIsVisible = 0;
			defaultConfigurationName = Release;
		};
		951F4AA32B29CCD2003DF60F /* Build configuration list for PBXNativeTarget "PaginationSampleSwiftUI" */ = {
			isa = XCConfigurationList;
			buildConfigurations = (
				951F4AA42B29CCD2003DF60F /* Debug */,
				951F4AA52B29CCD2003DF60F /* Release */,
			);
			defaultConfigurationIsVisible = 0;
			defaultConfigurationName = Release;
		};
/* End XCConfigurationList section */

/* Begin XCRemoteSwiftPackageReference section */
		95C26B3B2B32EF3100938C95 /* XCRemoteSwiftPackageReference "PagingView" */ = {
			isa = XCRemoteSwiftPackageReference;
			repositoryURL = "https://github.com/ericlewis/PagingView";
			requirement = {
				kind = upToNextMajorVersion;
				minimumVersion = 0.1.1;
			};
		};
		95C26B3E2B32FC8F00938C95 /* XCRemoteSwiftPackageReference "SwiftUIPager" */ = {
			isa = XCRemoteSwiftPackageReference;
			repositoryURL = "https://github.com/fermoya/SwiftUIPager";
			requirement = {
				kind = upToNextMajorVersion;
				minimumVersion = 2.5.0;
			};
		};
/* End XCRemoteSwiftPackageReference section */

/* Begin XCSwiftPackageProductDependency section */
		95C26B3C2B32EF3100938C95 /* PagingView */ = {
			isa = XCSwiftPackageProductDependency;
			package = 95C26B3B2B32EF3100938C95 /* XCRemoteSwiftPackageReference "PagingView" */;
			productName = PagingView;
		};
		95C26B3F2B32FC8F00938C95 /* SwiftUIPager */ = {
			isa = XCSwiftPackageProductDependency;
			package = 95C26B3E2B32FC8F00938C95 /* XCRemoteSwiftPackageReference "SwiftUIPager" */;
			productName = SwiftUIPager;
		};
/* End XCSwiftPackageProductDependency section */
	};
	rootObject = 951F4A8D2B29CCD1003DF60F /* Project object */;
}
